
Microsoft Visual Studio Solution File, Format Version 12.00
# Visual Studio 15
VisualStudioVersion = 15.0.27130.2036
MinimumVisualStudioVersion = 10.0.40219.1
Project("{9A19103F-16F7-4668-BE54-9A1E7A4F7556}") = "Kaazam", "Kaazam\Kaazam.csproj", "{B34D6851-D353-4121-98FA-075BCA422423}"
EndProject
Global
	GlobalSection(SolutionConfigurationPlatforms) = preSolution
		Debug|Any CPU = Debug|Any CPU
		Release|Any CPU = Release|Any CPU
	EndGlobalSection
	GlobalSection(ProjectConfigurationPlatforms) = postSolution
		{B34D6851-D353-4121-98FA-075BCA422423}.Debug|Any CPU.ActiveCfg = Debug|Any CPU
		{B34D6851-D353-4121-98FA-075BCA422423}.Debug|Any CPU.Build.0 = Debug|Any CPU
		{B34D6851-D353-4121-98FA-075BCA422423}.Release|Any CPU.ActiveCfg = Release|Any CPU
		{B34D6851-D353-4121-98FA-075BCA422423}.Release|Any CPU.Build.0 = Release|Any CPU
	EndGlobalSection
	GlobalSection(SolutionProperties) = preSolution
		HideSolutionNode = FALSE
	EndGlobalSection
	GlobalSection(ExtensibilityGlobals) = postSolution
		SolutionGuid = {4ADDE754-5366-426B-B1BF-C7CC7BF9A091}
	EndGlobalSection
EndGlobal
